{
  "name": "fhir-evaluator",
  "version": "1.0.0",
  "lockfileVersion": 2,
  "requires": true,
  "packages": {
    "": {
      "name": "fhir-evaluator",
      "version": "1.0.0",
      "license": "ISC",
      "dependencies": {
        "@types/ace": "^0.0.48",
        "ace-code-editor": "^1.2.3"
      }
    },
    "node_modules/@types/ace": {
      "version": "0.0.48",
      "resolved": "https://registry.npmjs.org/@types/ace/-/ace-0.0.48.tgz",
      "integrity": "sha512-esV6hOWiDOZ6d7w5S11iLu6LQsPGe/9RPzhri7gNNLdrK1LFpO9/m7IZhQL6dat0JHICJ7l51zvHAiCgnPLLHA=="
    },
    "node_modules/ace-code-editor": {
      "version": "1.2.3",
      "resolved": "https://registry.npmjs.org/ace-code-editor/-/ace-code-editor-1.2.3.tgz",
      "integrity": "sha512-KLuqtC2Y+3h2J1RlI2S89EWN8aRDrJlY7d1FzvjDxlog8X3HS79zKml11KcuJAdKQ0U8qiZe+oH8Y/UbGAe2Eg==",
      "dependencies": {
        "mime": "1.2.x"
      },
      "engines": {
        "node": ">= 0.6.0"
      }
    },
    "node_modules/mime": {
      "version": "1.2.11",
      "resolved": "https://registry.npmjs.org/mime/-/mime-1.2.11.tgz",
      "integrity": "sha512-Ysa2F/nqTNGHhhm9MV8ure4+Hc+Y8AWiqUdHxsO7xu8zc92ND9f3kpALHjaP026Ft17UfxrMt95c50PLUeynBw=="
    }
  },
  "dependencies": {
    "@types/ace": {
      "version": "0.0.48",
      "resolved": "https://registry.npmjs.org/@types/ace/-/ace-0.0.48.tgz",
      "integrity": "sha512-esV6hOWiDOZ6d7w5S11iLu6LQsPGe/9RPzhri7gNNLdrK1LFpO9/m7IZhQL6dat0JHICJ7l51zvHAiCgnPLLHA=="
    },
    "ace-code-editor": {
      "version": "1.2.3",
      "resolved": "https://registry.npmjs.org/ace-code-editor/-/ace-code-editor-1.2.3.tgz",
      "integrity": "sha512-KLuqtC2Y+3h2J1RlI2S89EWN8aRDrJlY7d1FzvjDxlog8X3HS79zKml11KcuJAdKQ0U8qiZe+oH8Y/UbGAe2Eg==",
      "requires": {
        "mime": "1.2.x"
      }
    },
    "mime": {
      "version": "1.2.11",
      "resolved": "https://registry.npmjs.org/mime/-/mime-1.2.11.tgz",
      "integrity": "sha512-Ysa2F/nqTNGHhhm9MV8ure4+Hc+Y8AWiqUdHxsO7xu8zc92ND9f3kpALHjaP026Ft17UfxrMt95c50PLUeynBw=="
    }
  }
}
